{
  "requires": true,
  "lockfileVersion": 1,
  "dependencies": {
    "@mdi/js": {
      "version": "5.1.45",
      "resolved": "https://registry.npmjs.org/@mdi/js/-/js-5.1.45.tgz",
      "integrity": "sha512-44He8VMteUIWE0lIZjAIH/QoxNXbGoeqA1uwzJKwRpiaU6d5n2JjvL+11uH5nQQTJtU1nQFdKpB/j5S6rM3jtQ=="
    },
    "@mdi/react": {
      "version": "1.4.0",
      "resolved": "https://registry.npmjs.org/@mdi/react/-/react-1.4.0.tgz",
      "integrity": "sha512-OUH9RhfDJPhybQL3owwrSDIXz2yVKXg5lYeOZjyRCiT9wqywNK0FeYyDByOwNIZnnIQoQYmuSrMv+pOX0Uqkmw=="
    }
  }
}
